
Microsoft Visual Studio Solution File, Format Version 12.00
# Visual Studio Version 17
VisualStudioVersion = 17.5.33424.131
MinimumVisualStudioVersion = 10.0.40219.1
Project("{FAE04EC0-301F-11D3-BF4B-00C04F79EFBC}") = "QuickSorting", "QuickSorting\QuickSorting.csproj", "{538A7D5C-726A-48DD-A125-138EF0E83ECB}"
EndProject
Global
	GlobalSection(SolutionConfigurationPlatforms) = preSolution
		Debug|Any CPU = Debug|Any CPU
		Release|Any CPU = Release|Any CPU
	EndGlobalSection
	GlobalSection(ProjectConfigurationPlatforms) = postSolution
		{538A7D5C-726A-48DD-A125-138EF0E83ECB}.Debug|Any CPU.ActiveCfg = Debug|Any CPU
		{538A7D5C-726A-48DD-A125-138EF0E83ECB}.Debug|Any CPU.Build.0 = Debug|Any CPU
		{538A7D5C-726A-48DD-A125-138EF0E83ECB}.Release|Any CPU.ActiveCfg = Release|Any CPU
		{538A7D5C-726A-48DD-A125-138EF0E83ECB}.Release|Any CPU.Build.0 = Release|Any CPU
	EndGlobalSection
	GlobalSection(SolutionProperties) = preSolution
		HideSolutionNode = FALSE
	EndGlobalSection
	GlobalSection(ExtensibilityGlobals) = postSolution
		SolutionGuid = {6FE37209-706A-4222-A60F-FDC3107F3B70}
	EndGlobalSection
EndGlobal
